
Microsoft Visual Studio Solution File, Format Version 12.00
# Visual Studio Version 17
VisualStudioVersion = 17.5.002.0
MinimumVisualStudioVersion = 10.0.40219.1
Project("{9A19103F-16F7-4668-BE54-9A1E7A4F7556}") = "Bank-management", "Bank-management.csproj", "{8160781B-C4FB-48D0-9A1E-AF174E1B0B93}"
EndProject
Global
	GlobalSection(SolutionConfigurationPlatforms) = preSolution
		Debug|Any CPU = Debug|Any CPU
		Release|Any CPU = Release|Any CPU
	EndGlobalSection
	GlobalSection(ProjectConfigurationPlatforms) = postSolution
		{8160781B-C4FB-48D0-9A1E-AF174E1B0B93}.Debug|Any CPU.ActiveCfg = Debug|Any CPU
		{8160781B-C4FB-48D0-9A1E-AF174E1B0B93}.Debug|Any CPU.Build.0 = Debug|Any CPU
		{8160781B-C4FB-48D0-9A1E-AF174E1B0B93}.Release|Any CPU.ActiveCfg = Release|Any CPU
		{8160781B-C4FB-48D0-9A1E-AF174E1B0B93}.Release|Any CPU.Build.0 = Release|Any CPU
	EndGlobalSection
	GlobalSection(SolutionProperties) = preSolution
		HideSolutionNode = FALSE
	EndGlobalSection
	GlobalSection(ExtensibilityGlobals) = postSolution
		SolutionGuid = {C951D872-1497-46FB-A9E0-436DD435D134}
	EndGlobalSection
EndGlobal
